
Microsoft Visual Studio Solution File, Format Version 12.00
# Visual Studio Version 17
VisualStudioVersion = 17.0.31903.59
MinimumVisualStudioVersion = 10.0.40219.1
Project("{FAE04EC0-301F-11D3-BF4B-00C04F79EFBC}") = "Bcr.DerpyBenchmark", "Bcr.DerpyBenchmark\Bcr.DerpyBenchmark.csproj", "{1A76587D-B3AF-4EB2-85FB-2882C6D1C6E9}"
EndProject
Project("{FAE04EC0-301F-11D3-BF4B-00C04F79EFBC}") = "Bcr.DerpyBenchmark.Test", "Bcr.DerpyBenchmark.Test\Bcr.DerpyBenchmark.Test.csproj", "{73747177-C5FD-473D-AA1D-0EB8C4ADAFB7}"
EndProject
Global
	GlobalSection(SolutionConfigurationPlatforms) = preSolution
		Debug|Any CPU = Debug|Any CPU
		Release|Any CPU = Release|Any CPU
	EndGlobalSection
	GlobalSection(SolutionProperties) = preSolution
		HideSolutionNode = FALSE
	EndGlobalSection
	GlobalSection(ProjectConfigurationPlatforms) = postSolution
		{1A76587D-B3AF-4EB2-85FB-2882C6D1C6E9}.Debug|Any CPU.ActiveCfg = Debug|Any CPU
		{1A76587D-B3AF-4EB2-85FB-2882C6D1C6E9}.Debug|Any CPU.Build.0 = Debug|Any CPU
		{1A76587D-B3AF-4EB2-85FB-2882C6D1C6E9}.Release|Any CPU.ActiveCfg = Release|Any CPU
		{1A76587D-B3AF-4EB2-85FB-2882C6D1C6E9}.Release|Any CPU.Build.0 = Release|Any CPU
		{73747177-C5FD-473D-AA1D-0EB8C4ADAFB7}.Debug|Any CPU.ActiveCfg = Debug|Any CPU
		{73747177-C5FD-473D-AA1D-0EB8C4ADAFB7}.Debug|Any CPU.Build.0 = Debug|Any CPU
		{73747177-C5FD-473D-AA1D-0EB8C4ADAFB7}.Release|Any CPU.ActiveCfg = Release|Any CPU
		{73747177-C5FD-473D-AA1D-0EB8C4ADAFB7}.Release|Any CPU.Build.0 = Release|Any CPU
	EndGlobalSection
EndGlobal
